// !$*UTF8*$!
{
	archiveVersion = 1;
	classes = {
	};
	objectVersion = 50;
	objects = {

/* Begin PBXBuildFile section */
		ED7B1639236E7A2B0095DA81 /* AppDelegate.swift in Sources */ = {isa = PBXBuildFile; fileRef = ED7B1638236E7A2B0095DA81 /* AppDelegate.swift */; };
		ED7B163B236E7A2B0095DA81 /* SceneDelegate.swift in Sources */ = {isa = PBXBuildFile; fileRef = ED7B163A236E7A2B0095DA81 /* SceneDelegate.swift */; };
		ED7B163D236E7A2B0095DA81 /* ViewController.swift in Sources */ = {isa = PBXBuildFile; fileRef = ED7B163C236E7A2B0095DA81 /* ViewController.swift */; };
		ED7B1640236E7A2B0095DA81 /* Main.storyboard in Resources */ = {isa = PBXBuildFile; fileRef = ED7B163E236E7A2B0095DA81 /* Main.storyboard */; };
		ED7B1642236E7A2D0095DA81 /* Assets.xcassets in Resources */ = {isa = PBXBuildFile; fileRef = ED7B1641236E7A2D0095DA81 /* Assets.xcassets */; };
		ED7B1645236E7A2D0095DA81 /* LaunchScreen.storyboard in Resources */ = {isa = PBXBuildFile; fileRef = ED7B1643236E7A2D0095DA81 /* LaunchScreen.storyboard */; };
/* End PBXBuildFile section */

/* Begin PBXFileReference section */
		ED7B1635236E7A2B0095DA81 /* AlgoDebugger.app */ = {isa = PBXFileReference; explicitFileType = wrapper.application; includeInIndex = 0; path = AlgoDebugger.app; sourceTree = BUILT_PRODUCTS_DIR; };
		ED7B1638236E7A2B0095DA81 /* AppDelegate.swift */ = {isa = PBXFileReference; lastKnownFileType = sourcecode.swift; path = AppDelegate.swift; sourceTree = "<group>"; };
		ED7B163A236E7A2B0095DA81 /* SceneDelegate.swift */ = {isa = PBXFileReference; lastKnownFileType = sourcecode.swift; path = SceneDelegate.swift; sourceTree = "<group>"; };
		ED7B163C236E7A2B0095DA81 /* ViewController.swift */ = {isa = PBXFileReference; lastKnownFileType = sourcecode.swift; path = ViewController.swift; sourceTree = "<group>"; };
		ED7B163F236E7A2B0095DA81 /* Base */ = {isa = PBXFileReference; lastKnownFileType = file.storyboard; name = Base; path = Base.lproj/Main.storyboard; sourceTree = "<group>"; };
		ED7B1641236E7A2D0095DA81 /* Assets.xcassets */ = {isa = PBXFileReference; lastKnownFileType = folder.assetcatalog; path = Assets.xcassets; sourceTree = "<group>"; };
		ED7B1644236E7A2D0095DA81 /* Base */ = {isa = PBXFileReference; lastKnownFileType = file.storyboard; name = Base; path = Base.lproj/LaunchScreen.storyboard; sourceTree = "<group>"; };
		ED7B1646236E7A2D0095DA81 /* Info.plist */ = {isa = PBXFileReference; lastKnownFileType = text.plist.xml; path = Info.plist; sourceTree = "<group>"; };
/* End PBXFileReference section */

/* Begin PBXFrameworksBuildPhase section */
		ED7B1632236E7A2B0095DA81 /* Frameworks */ = {
			isa = PBXFrameworksBuildPhase;
			buildActionMask = 2147483647;
			files = (
			);
			runOnlyForDeploymentPostprocessing = 0;
		};
/* End PBXFrameworksBuildPhase section */

/* Begin PBXGroup section */
		ED7B162C236E7A2B0095DA81 = {
			isa = PBXGroup;
			children = (
				ED7B1637236E7A2B0095DA81 /* AlgoDebugger */,
				ED7B1636236E7A2B0095DA81 /* Products */,
			);
			sourceTree = "<group>";
		};
		ED7B1636236E7A2B0095DA81 /* Products */ = {
			isa = PBXGroup;
			children = (
				ED7B1635236E7A2B0095DA81 /* AlgoDebugger.app */,
			);
			name = Products;
			sourceTree = "<group>";
		};
		ED7B1637236E7A2B0095DA81 /* AlgoDebugger */ = {
			isa = PBXGroup;
			children = (
				ED7B1638236E7A2B0095DA81 /* AppDelegate.swift */,
				ED7B163A236E7A2B0095DA81 /* SceneDelegate.swift */,
				ED7B163C236E7A2B0095DA81 /* ViewController.swift */,
				ED7B163E236E7A2B0095DA81 /* Main.storyboard */,
				ED7B1641236E7A2D0095DA81 /* Assets.xcassets */,
				ED7B1643236E7A2D0095DA81 /* LaunchScreen.storyboard */,
				ED7B1646236E7A2D0095DA81 /* Info.plist */,
			);
			path = AlgoDebugger;
			sourceTree = "<group>";
		};
/* End PBXGroup section */

/* Begin PBXNativeTarget section */
		ED7B1634236E7A2B0095DA81 /* AlgoDebugger */ = {
			isa = PBXNativeTarget;
			buildConfigurationList = ED7B1649236E7A2D0095DA81 /* Build configuration list for PBXNativeTarget "AlgoDebugger" */;
			buildPhases = (
				ED7B1631236E7A2B0095DA81 /* Sources */,
				ED7B1632236E7A2B0095DA81 /* Frameworks */,
				ED7B1633236E7A2B0095DA81 /* Resources */,
			);
			buildRules = (
			);
			dependencies = (
			);
			name = AlgoDebugger;
			productName = AlgoDebugger;
			productReference = ED7B1635236E7A2B0095DA81 /* AlgoDebugger.app */;
			productType = "com.apple.product-type.application";
		};
/* End PBXNativeTarget section */

/* Begin PBXProject section */
		ED7B162D236E7A2B0095DA81 /* Project object */ = {
			isa = PBXProject;
			attributes = {
				LastSwiftUpdateCheck = 1120;
				LastUpgradeCheck = 1120;
				ORGANIZATIONNAME = Viget;
				TargetAttributes = {
					ED7B1634236E7A2B0095DA81 = {
						CreatedOnToolsVersion = 11.2;
					};
				};
			};
			buildConfigurationList = ED7B1630236E7A2B0095DA81 /* Build configuration list for PBXProject "AlgoDebugger" */;
			compatibilityVersion = "Xcode 9.3";
			developmentRegion = en;
			hasScannedForEncodings = 0;
			knownRegions = (
				en,
				Base,
			);
			mainGroup = ED7B162C236E7A2B0095DA81;
			productRefGroup = ED7B1636236E7A2B0095DA81 /* Products */;
			projectDirPath = "";
			projectRoot = "";
			targets = (
				ED7B1634236E7A2B0095DA81 /* AlgoDebugger */,
			);
		};
/* End PBXProject section */

/* Begin PBXResourcesBuildPhase section */
		ED7B1633236E7A2B0095DA81 /* Resources */ = {
			isa = PBXResourcesBuildPhase;
			buildActionMask = 2147483647;
			files = (
				ED7B1645236E7A2D0095DA81 /* LaunchScreen.storyboard in Resources */,
				ED7B1642236E7A2D0095DA81 /* Assets.xcassets in Resources */,
				ED7B1640236E7A2B0095DA81 /* Main.storyboard in Resources */,
			);
			runOnlyForDeploymentPostprocessing = 0;
		};
/* End PBXResourcesBuildPhase section */

/* Begin PBXSourcesBuildPhase section */
		ED7B1631236E7A2B0095DA81 /* Sources */ = {
			isa = PBXSourcesBuildPhase;
			buildActionMask = 2147483647;
			files = (
				ED7B163D236E7A2B0095DA81 /* ViewController.swift in Sources */,
				ED7B1639236E7A2B0095DA81 /* AppDelegate.swift in Sources */,
				ED7B163B236E7A2B0095DA81 /* SceneDelegate.swift in Sources */,
			);
			runOnlyForDeploymentPostprocessing = 0;
		};
/* End PBXSourcesBuildPhase section */

/* Begin PBXVariantGroup section */
		ED7B163E236E7A2B0095DA81 /* Main.storyboard */ = {
			isa = PBXVariantGroup;
			children = (
				ED7B163F236E7A2B0095DA81 /* Base */,
			);
			name = Main.storyboard;
			sourceTree = "<group>";
		};
		ED7B1643236E7A2D0095DA81 /* LaunchScreen.storyboard */ = {
			isa = PBXVariantGroup;
			children = (
				ED7B1644236E7A2D0095DA81 /* Base */,
			);
			name = LaunchScreen.storyboard;
			sourceTree = "<group>";
		};
/* End PBXVariantGroup section */

/* Begin XCBuildConfiguration section */
		ED7B1647236E7A2D0095DA81 /* Debug */ = {
			isa = XCBuildConfiguration;
			buildSettings = {
				ALWAYS_SEARCH_USER_PATHS = NO;
				CLANG_ANALYZER_NONNULL = YES;
				CLANG_ANALYZER_NUMBER_OBJECT_CONVERSION = YES_AGGRESSIVE;
				CLANG_CXX_LANGUAGE_STANDARD = "gnu++14";
				CLANG_CXX_LIBRARY = "libc++";
				CLANG_ENABLE_MODULES = YES;
				CLANG_ENABLE_OBJC_ARC = YES;
				CLANG_ENABLE_OBJC_WEAK = YES;
				CLANG_WARN_BLOCK_CAPTURE_AUTORELEASING = YES;
				CLANG_WARN_BOOL_CONVERSION = YES;
				CLANG_WARN_COMMA = YES;
				CLANG_WARN_CONSTANT_CONVERSION = YES;
				CLANG_WARN_DEPRECATED_OBJC_IMPLEMENTATIONS = YES;
				CLANG_WARN_DIRECT_OBJC_ISA_USAGE = YES_ERROR;
				CLANG_WARN_DOCUMENTATION_COMMENTS = YES;
				CLANG_WARN_EMPTY_BODY = YES;
				CLANG_WARN_ENUM_CONVERSION = YES;
				CLANG_WARN_INFINITE_RECURSION = YES;
				CLANG_WARN_INT_CONVERSION = YES;
				CLANG_WARN_NON_LITERAL_NULL_CONVERSION = YES;
				CLANG_WARN_OBJC_IMPLICIT_RETAIN_SELF = YES;
				CLANG_WARN_OBJC_LITERAL_CONVERSION = YES;
				CLANG_WARN_OBJC_ROOT_CLASS = YES_ERROR;
				CLANG_WARN_RANGE_LOOP_ANALYSIS = YES;
				CLANG_WARN_STRICT_PROTOTYPES = YES;
				CLANG_WARN_SUSPICIOUS_MOVE = YES;
				CLANG_WARN_UNGUARDED_AVAILABILITY = YES_AGGRESSIVE;
				CLANG_WARN_UNREACHABLE_CODE = YES;
				CLANG_WARN__DUPLICATE_METHOD_MATCH = YES;
				COPY_PHASE_STRIP = NO;
				DEBUG_INFORMATION_FORMAT = dwarf;
				ENABLE_STRICT_OBJC_MSGSEND = YES;
				ENABLE_TESTABILITY = YES;
				GCC_C_LANGUAGE_STANDARD = gnu11;
				GCC_DYNAMIC_NO_PIC = NO;
				GCC_NO_COMMON_BLOCKS = YES;
				GCC_OPTIMIZATION_LEVEL = 0;
				GCC_PREPROCESSOR_DEFINITIONS = (
					"DEBUG=1",
					"$(inherited)",
				);
				GCC_WARN_64_TO_32_BIT_CONVERSION = YES;
				GCC_WARN_ABOUT_RETURN_TYPE = YES_ERROR;
				GCC_WARN_UNDECLARED_SELECTOR = YES;
				GCC_WARN_UNINITIALIZED_AUTOS = YES_AGGRESSIVE;
				GCC_WARN_UNUSED_FUNCTION = YES;
				GCC_WARN_UNUSED_VARIABLE = YES;
				IPHONEOS_DEPLOYMENT_TARGET = 13.2;
				MTL_ENABLE_DEBUG_INFO = INCLUDE_SOURCE;
				MTL_FAST_MATH = YES;
				ONLY_ACTIVE_ARCH = YES;
				SDKROOT = iphoneos;
				SWIFT_ACTIVE_COMPILATION_CONDITIONS = DEBUG;
				SWIFT_OPTIMIZATION_LEVEL = "-Onone";
			};
			name = Debug;
		};
		ED7B1648236E7A2D0095DA81 /* Release */ = {
			isa = XCBuildConfiguration;
			buildSettings = {
				ALWAYS_SEARCH_USER_PATHS = NO;
				CLANG_ANALYZER_NONNULL = YES;
				CLANG_ANALYZER_NUMBER_OBJECT_CONVERSION = YES_AGGRESSIVE;
				CLANG_CXX_LANGUAGE_STANDARD = "gnu++14";
				CLANG_CXX_LIBRARY = "libc++";
				CLANG_ENABLE_MODULES = YES;
				CLANG_ENABLE_OBJC_ARC = YES;
				CLANG_ENABLE_OBJC_WEAK = YES;
				CLANG_WARN_BLOCK_CAPTURE_AUTORELEASING = YES;
				CLANG_WARN_BOOL_CONVERSION = YES;
				CLANG_WARN_COMMA = YES;
				CLANG_WARN_CONSTANT_CONVERSION = YES;
				CLANG_WARN_DEPRECATED_OBJC_IMPLEMENTATIONS = YES;
				CLANG_WARN_DIRECT_OBJC_ISA_USAGE = YES_ERROR;
				CLANG_WARN_DOCUMENTATION_COMMENTS = YES;
				CLANG_WARN_EMPTY_BODY = YES;
				CLANG_WARN_ENUM_CONVERSION = YES;
				CLANG_WARN_INFINITE_RECURSION = YES;
				CLANG_WARN_INT_CONVERSION = YES;
				CLANG_WARN_NON_LITERAL_NULL_CONVERSION = YES;
				CLANG_WARN_OBJC_IMPLICIT_RETAIN_SELF = YES;
				CLANG_WARN_OBJC_LITERAL_CONVERSION = YES;
				CLANG_WARN_OBJC_ROOT_CLASS = YES_ERROR;
				CLANG_WARN_RANGE_LOOP_ANALYSIS = YES;
				CLANG_WARN_STRICT_PROTOTYPES = YES;
				CLANG_WARN_SUSPICIOUS_MOVE = YES;
				CLANG_WARN_UNGUARDED_AVAILABILITY = YES_AGGRESSIVE;
				CLANG_WARN_UNREACHABLE_CODE = YES;
				CLANG_WARN__DUPLICATE_METHOD_MATCH = YES;
				COPY_PHASE_STRIP = NO;
				DEBUG_INFORMATION_FORMAT = "dwarf-with-dsym";
				ENABLE_NS_ASSERTIONS = NO;
				ENABLE_STRICT_OBJC_MSGSEND = YES;
				GCC_C_LANGUAGE_STANDARD = gnu11;
				GCC_NO_COMMON_BLOCKS = YES;
				GCC_WARN_64_TO_32_BIT_CONVERSION = YES;
				GCC_WARN_ABOUT_RETURN_TYPE = YES_ERROR;
				GCC_WARN_UNDECLARED_SELECTOR = YES;
				GCC_WARN_UNINITIALIZED_AUTOS = YES_AGGRESSIVE;
				GCC_WARN_UNUSED_FUNCTION = YES;
				GCC_WARN_UNUSED_VARIABLE = YES;
				IPHONEOS_DEPLOYMENT_TARGET = 13.2;
				MTL_ENABLE_DEBUG_INFO = NO;
				MTL_FAST_MATH = YES;
				SDKROOT = iphoneos;
				SWIFT_COMPILATION_MODE = wholemodule;
				SWIFT_OPTIMIZATION_LEVEL = "-O";
				VALIDATE_PRODUCT = YES;
			};
			name = Release;
		};
		ED7B164A236E7A2D0095DA81 /* Debug */ = {
			isa = XCBuildConfiguration;
			buildSettings = {
				ASSETCATALOG_COMPILER_APPICON_NAME = AppIcon;
				CODE_SIGN_STYLE = Automatic;
				DEVELOPMENT_TEAM = JZNN87YRMJ;
				INFOPLIST_FILE = AlgoDebugger/Info.plist;
				LD_RUNPATH_SEARCH_PATHS = (
					"$(inherited)",
					"@executable_path/Frameworks",
				);
				PRODUCT_BUNDLE_IDENTIFIER = com.viget.AlgoDebugger;
				PRODUCT_NAME = "$(TARGET_NAME)";
				SWIFT_VERSION = 5.0;
				TARGETED_DEVICE_FAMILY = "1,2";
			};
			name = Debug;
		};
		ED7B164B236E7A2D0095DA81 /* Release */ = {
			isa = XCBuildConfiguration;
			buildSettings = {
				ASSETCATALOG_COMPILER_APPICON_NAME = AppIcon;
				CODE_SIGN_STYLE = Automatic;
				DEVELOPMENT_TEAM = JZNN87YRMJ;
				INFOPLIST_FILE = AlgoDebugger/Info.plist;
				LD_RUNPATH_SEARCH_PATHS = (
					"$(inherited)",
					"@executable_path/Frameworks",
				);
				PRODUCT_BUNDLE_IDENTIFIER = com.viget.AlgoDebugger;
				PRODUCT_NAME = "$(TARGET_NAME)";
				SWIFT_VERSION = 5.0;
				TARGETED_DEVICE_FAMILY = "1,2";
			};
			name = Release;
		};
/* End XCBuildConfiguration section */

/* Begin XCConfigurationList section */
		ED7B1630236E7A2B0095DA81 /* Build configuration list for PBXProject "AlgoDebugger" */ = {
			isa = XCConfigurationList;
			buildConfigurations = (
				ED7B1647236E7A2D0095DA81 /* Debug */,
				ED7B1648236E7A2D0095DA81 /* Release */,
			);
			defaultConfigurationIsVisible = 0;
			defaultConfigurationName = Release;
		};
		ED7B1649236E7A2D0095DA81 /* Build configuration list for PBXNativeTarget "AlgoDebugger" */ = {
			isa = XCConfigurationList;
			buildConfigurations = (
				ED7B164A236E7A2D0095DA81 /* Debug */,
				ED7B164B236E7A2D0095DA81 /* Release */,
			);
			defaultConfigurationIsVisible = 0;
			defaultConfigurationName = Release;
		};
/* End XCConfigurationList section */
	};
	rootObject = ED7B162D236E7A2B0095DA81 /* Project object */;
}
